
Microsoft Visual Studio Solution File, Format Version 12.00
# Visual Studio 15
VisualStudioVersion = 15.0.28307.1800
MinimumVisualStudioVersion = 10.0.40219.1
Project("{FAE04EC0-301F-11D3-BF4B-00C04F79EFBC}") = "Gym", "lab 1\Gym.csproj", "{56CD5BFF-D8E7-40B2-AB6F-5DFC59DF837D}"
EndProject
Global
	GlobalSection(SolutionConfigurationPlatforms) = preSolution
		Debug|Any CPU = Debug|Any CPU
		Release|Any CPU = Release|Any CPU
	EndGlobalSection
	GlobalSection(ProjectConfigurationPlatforms) = postSolution
		{56CD5BFF-D8E7-40B2-AB6F-5DFC59DF837D}.Debug|Any CPU.ActiveCfg = Debug|Any CPU
		{56CD5BFF-D8E7-40B2-AB6F-5DFC59DF837D}.Debug|Any CPU.Build.0 = Debug|Any CPU
		{56CD5BFF-D8E7-40B2-AB6F-5DFC59DF837D}.Release|Any CPU.ActiveCfg = Release|Any CPU
		{56CD5BFF-D8E7-40B2-AB6F-5DFC59DF837D}.Release|Any CPU.Build.0 = Release|Any CPU
	EndGlobalSection
	GlobalSection(SolutionProperties) = preSolution
		HideSolutionNode = FALSE
	EndGlobalSection
	GlobalSection(ExtensibilityGlobals) = postSolution
		SolutionGuid = {8F37FF27-136A-421C-B7D4-D349B88376A5}
	EndGlobalSection
EndGlobal
